// !$*UTF8*$!
{
	archiveVersion = 1;
	classes = {
	};
	objectVersion = 50;
	objects = {

/* Begin PBXBuildFile section */
		784385DD20DEDAB9001AF64F /* AppDelegate.swift in Sources */ = {isa = PBXBuildFile; fileRef = 784385DC20DEDAB9001AF64F /* AppDelegate.swift */; };
		784385DF20DEDAB9001AF64F /* art.scnassets in Resources */ = {isa = PBXBuildFile; fileRef = 784385DE20DEDAB9001AF64F /* art.scnassets */; };
		784385E120DEDAB9001AF64F /* ViewController.swift in Sources */ = {isa = PBXBuildFile; fileRef = 784385E020DEDAB9001AF64F /* ViewController.swift */; };
		784385E420DEDAB9001AF64F /* Main.storyboard in Resources */ = {isa = PBXBuildFile; fileRef = 784385E220DEDAB9001AF64F /* Main.storyboard */; };
		784385E620DEDABA001AF64F /* Assets.xcassets in Resources */ = {isa = PBXBuildFile; fileRef = 784385E520DEDABA001AF64F /* Assets.xcassets */; };
		784385E920DEDABA001AF64F /* LaunchScreen.storyboard in Resources */ = {isa = PBXBuildFile; fileRef = 784385E720DEDABA001AF64F /* LaunchScreen.storyboard */; };
		786C241520DF547400FB2579 /* secondViewController.swift in Sources */ = {isa = PBXBuildFile; fileRef = 786C241420DF547400FB2579 /* secondViewController.swift */; };
		786C241720DF5E9900FB2579 /* directionViewController.swift in Sources */ = {isa = PBXBuildFile; fileRef = 786C241620DF5E9900FB2579 /* directionViewController.swift */; };
		786C241920DF5EBF00FB2579 /* aboutUsViewController.swift in Sources */ = {isa = PBXBuildFile; fileRef = 786C241820DF5EBF00FB2579 /* aboutUsViewController.swift */; };
/* End PBXBuildFile section */

/* Begin PBXFileReference section */
		784385D920DEDAB9001AF64F /* test.app */ = {isa = PBXFileReference; explicitFileType = wrapper.application; includeInIndex = 0; path = test.app; sourceTree = BUILT_PRODUCTS_DIR; };
		784385DC20DEDAB9001AF64F /* AppDelegate.swift */ = {isa = PBXFileReference; lastKnownFileType = sourcecode.swift; path = AppDelegate.swift; sourceTree = "<group>"; };
		784385DE20DEDAB9001AF64F /* art.scnassets */ = {isa = PBXFileReference; lastKnownFileType = wrapper.scnassets; path = art.scnassets; sourceTree = "<group>"; };
		784385E020DEDAB9001AF64F /* ViewController.swift */ = {isa = PBXFileReference; lastKnownFileType = sourcecode.swift; path = ViewController.swift; sourceTree = "<group>"; };
		784385E320DEDAB9001AF64F /* Base */ = {isa = PBXFileReference; lastKnownFileType = file.storyboard; name = Base; path = Base.lproj/Main.storyboard; sourceTree = "<group>"; };
		784385E520DEDABA001AF64F /* Assets.xcassets */ = {isa = PBXFileReference; lastKnownFileType = folder.assetcatalog; path = Assets.xcassets; sourceTree = "<group>"; };
		784385E820DEDABA001AF64F /* Base */ = {isa = PBXFileReference; lastKnownFileType = file.storyboard; name = Base; path = Base.lproj/LaunchScreen.storyboard; sourceTree = "<group>"; };
		784385EA20DEDABA001AF64F /* Info.plist */ = {isa = PBXFileReference; lastKnownFileType = text.plist.xml; path = Info.plist; sourceTree = "<group>"; };
		786C241420DF547400FB2579 /* secondViewController.swift */ = {isa = PBXFileReference; lastKnownFileType = sourcecode.swift; path = secondViewController.swift; sourceTree = "<group>"; };
		786C241620DF5E9900FB2579 /* directionViewController.swift */ = {isa = PBXFileReference; lastKnownFileType = sourcecode.swift; path = directionViewController.swift; sourceTree = "<group>"; };
		786C241820DF5EBF00FB2579 /* aboutUsViewController.swift */ = {isa = PBXFileReference; lastKnownFileType = sourcecode.swift; path = aboutUsViewController.swift; sourceTree = "<group>"; };
/* End PBXFileReference section */

/* Begin PBXFrameworksBuildPhase section */
		784385D620DEDAB9001AF64F /* Frameworks */ = {
			isa = PBXFrameworksBuildPhase;
			buildActionMask = 2147483647;
			files = (
			);
			runOnlyForDeploymentPostprocessing = 0;
		};
/* End PBXFrameworksBuildPhase section */

/* Begin PBXGroup section */
		784385D020DEDAB9001AF64F = {
			isa = PBXGroup;
			children = (
				784385DB20DEDAB9001AF64F /* test */,
				784385DA20DEDAB9001AF64F /* Products */,
			);
			sourceTree = "<group>";
		};
		784385DA20DEDAB9001AF64F /* Products */ = {
			isa = PBXGroup;
			children = (
				784385D920DEDAB9001AF64F /* test.app */,
			);
			name = Products;
			sourceTree = "<group>";
		};
		784385DB20DEDAB9001AF64F /* test */ = {
			isa = PBXGroup;
			children = (
				784385DC20DEDAB9001AF64F /* AppDelegate.swift */,
				784385E020DEDAB9001AF64F /* ViewController.swift */,
				784385E220DEDAB9001AF64F /* Main.storyboard */,
				786C241820DF5EBF00FB2579 /* aboutUsViewController.swift */,
				786C241620DF5E9900FB2579 /* directionViewController.swift */,
				786C241420DF547400FB2579 /* secondViewController.swift */,
				784385DE20DEDAB9001AF64F /* art.scnassets */,
				784385E520DEDABA001AF64F /* Assets.xcassets */,
				784385E720DEDABA001AF64F /* LaunchScreen.storyboard */,
				784385EA20DEDABA001AF64F /* Info.plist */,
			);
			path = test;
			sourceTree = "<group>";
		};
/* End PBXGroup section */

/* Begin PBXNativeTarget section */
		784385D820DEDAB9001AF64F /* test */ = {
			isa = PBXNativeTarget;
			buildConfigurationList = 784385ED20DEDABA001AF64F /* Build configuration list for PBXNativeTarget "test" */;
			buildPhases = (
				784385D520DEDAB9001AF64F /* Sources */,
				784385D620DEDAB9001AF64F /* Frameworks */,
				784385D720DEDAB9001AF64F /* Resources */,
			);
			buildRules = (
			);
			dependencies = (
			);
			name = test;
			productName = test;
			productReference = 784385D920DEDAB9001AF64F /* test.app */;
			productType = "com.apple.product-type.application";
		};
/* End PBXNativeTarget section */

/* Begin PBXProject section */
		784385D120DEDAB9001AF64F /* Project object */ = {
			isa = PBXProject;
			attributes = {
				LastSwiftUpdateCheck = 0940;
				LastUpgradeCheck = 0940;
				ORGANIZATIONNAME = "Daniel Chen";
				TargetAttributes = {
					784385D820DEDAB9001AF64F = {
						CreatedOnToolsVersion = 9.4.1;
					};
				};
			};
			buildConfigurationList = 784385D420DEDAB9001AF64F /* Build configuration list for PBXProject "test" */;
			compatibilityVersion = "Xcode 9.3";
			developmentRegion = en;
			hasScannedForEncodings = 0;
			knownRegions = (
				en,
				Base,
			);
			mainGroup = 784385D020DEDAB9001AF64F;
			productRefGroup = 784385DA20DEDAB9001AF64F /* Products */;
			projectDirPath = "";
			projectRoot = "";
			targets = (
				784385D820DEDAB9001AF64F /* test */,
			);
		};
/* End PBXProject section */

/* Begin PBXResourcesBuildPhase section */
		784385D720DEDAB9001AF64F /* Resources */ = {
			isa = PBXResourcesBuildPhase;
			buildActionMask = 2147483647;
			files = (
				784385DF20DEDAB9001AF64F /* art.scnassets in Resources */,
				784385E920DEDABA001AF64F /* LaunchScreen.storyboard in Resources */,
				784385E620DEDABA001AF64F /* Assets.xcassets in Resources */,
				784385E420DEDAB9001AF64F /* Main.storyboard in Resources */,
			);
			runOnlyForDeploymentPostprocessing = 0;
		};
/* End PBXResourcesBuildPhase section */

/* Begin PBXSourcesBuildPhase section */
		784385D520DEDAB9001AF64F /* Sources */ = {
			isa = PBXSourcesBuildPhase;
			buildActionMask = 2147483647;
			files = (
				786C241720DF5E9900FB2579 /* directionViewController.swift in Sources */,
				786C241920DF5EBF00FB2579 /* aboutUsViewController.swift in Sources */,
				784385E120DEDAB9001AF64F /* ViewController.swift in Sources */,
				786C241520DF547400FB2579 /* secondViewController.swift in Sources */,
				784385DD20DEDAB9001AF64F /* AppDelegate.swift in Sources */,
			);
			runOnlyForDeploymentPostprocessing = 0;
		};
/* End PBXSourcesBuildPhase section */

/* Begin PBXVariantGroup section */
		784385E220DEDAB9001AF64F /* Main.storyboard */ = {
			isa = PBXVariantGroup;
			children = (
				784385E320DEDAB9001AF64F /* Base */,
			);
			name = Main.storyboard;
			sourceTree = "<group>";
		};
		784385E720DEDABA001AF64F /* LaunchScreen.storyboard */ = {
			isa = PBXVariantGroup;
			children = (
				784385E820DEDABA001AF64F /* Base */,
			);
			name = LaunchScreen.storyboard;
			sourceTree = "<group>";
		};
/* End PBXVariantGroup section */

/* Begin XCBuildConfiguration section */
		784385EB20DEDABA001AF64F /* Debug */ = {
			isa = XCBuildConfiguration;
			buildSettings = {
				ALWAYS_SEARCH_USER_PATHS = NO;
				CLANG_ANALYZER_NONNULL = YES;
				CLANG_ANALYZER_NUMBER_OBJECT_CONVERSION = YES_AGGRESSIVE;
				CLANG_CXX_LANGUAGE_STANDARD = "gnu++14";
				CLANG_CXX_LIBRARY = "libc++";
				CLANG_ENABLE_MODULES = YES;
				CLANG_ENABLE_OBJC_ARC = YES;
				CLANG_ENABLE_OBJC_WEAK = YES;
				CLANG_WARN_BLOCK_CAPTURE_AUTORELEASING = YES;
				CLANG_WARN_BOOL_CONVERSION = YES;
				CLANG_WARN_COMMA = YES;
				CLANG_WARN_CONSTANT_CONVERSION = YES;
				CLANG_WARN_DEPRECATED_OBJC_IMPLEMENTATIONS = YES;
				CLANG_WARN_DIRECT_OBJC_ISA_USAGE = YES_ERROR;
				CLANG_WARN_DOCUMENTATION_COMMENTS = YES;
				CLANG_WARN_EMPTY_BODY = YES;
				CLANG_WARN_ENUM_CONVERSION = YES;
				CLANG_WARN_INFINITE_RECURSION = YES;
				CLANG_WARN_INT_CONVERSION = YES;
				CLANG_WARN_NON_LITERAL_NULL_CONVERSION = YES;
				CLANG_WARN_OBJC_IMPLICIT_RETAIN_SELF = YES;
				CLANG_WARN_OBJC_LITERAL_CONVERSION = YES;
				CLANG_WARN_OBJC_ROOT_CLASS = YES_ERROR;
				CLANG_WARN_RANGE_LOOP_ANALYSIS = YES;
				CLANG_WARN_STRICT_PROTOTYPES = YES;
				CLANG_WARN_SUSPICIOUS_MOVE = YES;
				CLANG_WARN_UNGUARDED_AVAILABILITY = YES_AGGRESSIVE;
				CLANG_WARN_UNREACHABLE_CODE = YES;
				CLANG_WARN__DUPLICATE_METHOD_MATCH = YES;
				CODE_SIGN_IDENTITY = "iPhone Developer";
				COPY_PHASE_STRIP = NO;
				DEBUG_INFORMATION_FORMAT = dwarf;
				ENABLE_STRICT_OBJC_MSGSEND = YES;
				ENABLE_TESTABILITY = YES;
				GCC_C_LANGUAGE_STANDARD = gnu11;
				GCC_DYNAMIC_NO_PIC = NO;
				GCC_NO_COMMON_BLOCKS = YES;
				GCC_OPTIMIZATION_LEVEL = 0;
				GCC_PREPROCESSOR_DEFINITIONS = (
					"DEBUG=1",
					"$(inherited)",
				);
				GCC_WARN_64_TO_32_BIT_CONVERSION = YES;
				GCC_WARN_ABOUT_RETURN_TYPE = YES_ERROR;
				GCC_WARN_UNDECLARED_SELECTOR = YES;
				GCC_WARN_UNINITIALIZED_AUTOS = YES_AGGRESSIVE;
				GCC_WARN_UNUSED_FUNCTION = YES;
				GCC_WARN_UNUSED_VARIABLE = YES;
				IPHONEOS_DEPLOYMENT_TARGET = 11.4;
				MTL_ENABLE_DEBUG_INFO = YES;
				ONLY_ACTIVE_ARCH = YES;
				SDKROOT = iphoneos;
				SWIFT_ACTIVE_COMPILATION_CONDITIONS = DEBUG;
				SWIFT_OPTIMIZATION_LEVEL = "-Onone";
			};
			name = Debug;
		};
		784385EC20DEDABA001AF64F /* Release */ = {
			isa = XCBuildConfiguration;
			buildSettings = {
				ALWAYS_SEARCH_USER_PATHS = NO;
				CLANG_ANALYZER_NONNULL = YES;
				CLANG_ANALYZER_NUMBER_OBJECT_CONVERSION = YES_AGGRESSIVE;
				CLANG_CXX_LANGUAGE_STANDARD = "gnu++14";
				CLANG_CXX_LIBRARY = "libc++";
				CLANG_ENABLE_MODULES = YES;
				CLANG_ENABLE_OBJC_ARC = YES;
				CLANG_ENABLE_OBJC_WEAK = YES;
				CLANG_WARN_BLOCK_CAPTURE_AUTORELEASING = YES;
				CLANG_WARN_BOOL_CONVERSION = YES;
				CLANG_WARN_COMMA = YES;
				CLANG_WARN_CONSTANT_CONVERSION = YES;
				CLANG_WARN_DEPRECATED_OBJC_IMPLEMENTATIONS = YES;
				CLANG_WARN_DIRECT_OBJC_ISA_USAGE = YES_ERROR;
				CLANG_WARN_DOCUMENTATION_COMMENTS = YES;
				CLANG_WARN_EMPTY_BODY = YES;
				CLANG_WARN_ENUM_CONVERSION = YES;
				CLANG_WARN_INFINITE_RECURSION = YES;
				CLANG_WARN_INT_CONVERSION = YES;
				CLANG_WARN_NON_LITERAL_NULL_CONVERSION = YES;
				CLANG_WARN_OBJC_IMPLICIT_RETAIN_SELF = YES;
				CLANG_WARN_OBJC_LITERAL_CONVERSION = YES;
				CLANG_WARN_OBJC_ROOT_CLASS = YES_ERROR;
				CLANG_WARN_RANGE_LOOP_ANALYSIS = YES;
				CLANG_WARN_STRICT_PROTOTYPES = YES;
				CLANG_WARN_SUSPICIOUS_MOVE = YES;
				CLANG_WARN_UNGUARDED_AVAILABILITY = YES_AGGRESSIVE;
				CLANG_WARN_UNREACHABLE_CODE = YES;
				CLANG_WARN__DUPLICATE_METHOD_MATCH = YES;
				CODE_SIGN_IDENTITY = "iPhone Developer";
				COPY_PHASE_STRIP = NO;
				DEBUG_INFORMATION_FORMAT = "dwarf-with-dsym";
				ENABLE_NS_ASSERTIONS = NO;
				ENABLE_STRICT_OBJC_MSGSEND = YES;
				GCC_C_LANGUAGE_STANDARD = gnu11;
				GCC_NO_COMMON_BLOCKS = YES;
				GCC_WARN_64_TO_32_BIT_CONVERSION = YES;
				GCC_WARN_ABOUT_RETURN_TYPE = YES_ERROR;
				GCC_WARN_UNDECLARED_SELECTOR = YES;
				GCC_WARN_UNINITIALIZED_AUTOS = YES_AGGRESSIVE;
				GCC_WARN_UNUSED_FUNCTION = YES;
				GCC_WARN_UNUSED_VARIABLE = YES;
				IPHONEOS_DEPLOYMENT_TARGET = 11.4;
				MTL_ENABLE_DEBUG_INFO = NO;
				SDKROOT = iphoneos;
				SWIFT_COMPILATION_MODE = wholemodule;
				SWIFT_OPTIMIZATION_LEVEL = "-O";
				VALIDATE_PRODUCT = YES;
			};
			name = Release;
		};
		784385EE20DEDABA001AF64F /* Debug */ = {
			isa = XCBuildConfiguration;
			buildSettings = {
				ASSETCATALOG_COMPILER_APPICON_NAME = AppIcon;
				CODE_SIGN_STYLE = Automatic;
				DEVELOPMENT_TEAM = X9PH96645P;
				INFOPLIST_FILE = test/Info.plist;
				LD_RUNPATH_SEARCH_PATHS = (
					"$(inherited)",
					"@executable_path/Frameworks",
				);
				PRODUCT_BUNDLE_IDENTIFIER = daniel12345;
				PRODUCT_NAME = "$(TARGET_NAME)";
				SWIFT_VERSION = 4.0;
				TARGETED_DEVICE_FAMILY = "1,2";
			};
			name = Debug;
		};
		784385EF20DEDABA001AF64F /* Release */ = {
			isa = XCBuildConfiguration;
			buildSettings = {
				ASSETCATALOG_COMPILER_APPICON_NAME = AppIcon;
				CODE_SIGN_STYLE = Automatic;
				DEVELOPMENT_TEAM = X9PH96645P;
				INFOPLIST_FILE = test/Info.plist;
				LD_RUNPATH_SEARCH_PATHS = (
					"$(inherited)",
					"@executable_path/Frameworks",
				);
				PRODUCT_BUNDLE_IDENTIFIER = daniel12345;
				PRODUCT_NAME = "$(TARGET_NAME)";
				SWIFT_VERSION = 4.0;
				TARGETED_DEVICE_FAMILY = "1,2";
			};
			name = Release;
		};
/* End XCBuildConfiguration section */

/* Begin XCConfigurationList section */
		784385D420DEDAB9001AF64F /* Build configuration list for PBXProject "test" */ = {
			isa = XCConfigurationList;
			buildConfigurations = (
				784385EB20DEDABA001AF64F /* Debug */,
				784385EC20DEDABA001AF64F /* Release */,
			);
			defaultConfigurationIsVisible = 0;
			defaultConfigurationName = Release;
		};
		784385ED20DEDABA001AF64F /* Build configuration list for PBXNativeTarget "test" */ = {
			isa = XCConfigurationList;
			buildConfigurations = (
				784385EE20DEDABA001AF64F /* Debug */,
				784385EF20DEDABA001AF64F /* Release */,
			);
			defaultConfigurationIsVisible = 0;
			defaultConfigurationName = Release;
		};
/* End XCConfigurationList section */
	};
	rootObject = 784385D120DEDAB9001AF64F /* Project object */;
}
